{
    "_meta": {
        "hash": {
            "sha256": "75eb9251884a9afbad6f849a9f8667091053bb59b2f1d84b9e77cd2d778af3d1"
        },
        "pipfile-spec": 6,
        "requires": {
            "python_full_version": "3.9.1",
            "python_version": "3.9"
        },
        "sources": [
            {
                "name": "pypi",
                "url": "https://pypi.org/simple",
                "verify_ssl": true
            }
        ]
    },
    "default": {
        "annotated-types": {
            "hashes": [
                "sha256:47cdc3490d9ac1506ce92c7aaa76c579dc3509ff11e098fc867e5130ab7be802",
                "sha256:58da39888f92c276ad970249761ebea80ba544b77acddaa1a4d6cf78287d45fd"
            ],
            "markers": "python_version >= '3.7'",
            "version": "==0.5.0"
        },
        "databases": {
            "hashes": [
                "sha256:cf5da4b8a3e3cd038c459529725ebb64931cbbb7a091102664f20ef8f6cefd0d",
                "sha256:ea2d419d3d2eb80595b7ceb8f282056f080af62efe2fb9bcd83562f93ec4b674"
            ],
            "index": "pypi",
            "version": "==0.7.0"
        },
        "greenlet": {
            "hashes": [
                "sha256:03a8f4f3430c3b3ff8d10a2a86028c660355ab637cee9333d63d66b56f09d52a",
                "sha256:0bf60faf0bc2468089bdc5edd10555bab6e85152191df713e2ab1fcc86382b5a",
                "sha256:18a7f18b82b52ee85322d7a7874e676f34ab319b9f8cce5de06067384aa8ff43",
                "sha256:18e98fb3de7dba1c0a852731c3070cf022d14f0d68b4c87a19cc1016f3bb8b33",
                "sha256:1a819eef4b0e0b96bb0d98d797bef17dc1b4a10e8d7446be32d1da33e095dbb8",
                "sha256:26fbfce90728d82bc9e6c38ea4d038cba20b7faf8a0ca53a9c07b67318d46088",
                "sha256:2780572ec463d44c1d3ae850239508dbeb9fed38e294c68d19a24d925d9223ca",
                "sha256:283737e0da3f08bd637b5ad058507e578dd462db259f7f6e4c5c365ba4ee9343",
                "sha256:2d4686f195e32d36b4d7cf2d166857dbd0ee9f3d20ae349b6bf8afc8485b3645",
                "sha256:2dd11f291565a81d71dab10b7033395b7a3a5456e637cf997a6f33ebdf06f8db",
                "sha256:30bcf80dda7f15ac77ba5af2b961bdd9dbc77fd4ac6105cee85b0d0a5fcf74df",
                "sha256:32e5b64b148966d9cccc2c8d35a671409e45f195864560829f395a54226408d3",
                "sha256:36abbf031e1c0f79dd5d596bfaf8e921c41df2bdf54ee1eed921ce1f52999a86",
                "sha256:3a06ad5312349fec0ab944664b01d26f8d1f05009566339ac6f63f56589bc1a2",
                "sha256:3a51c9751078733d88e013587b108f1b7a1fb106d402fb390740f002b6f6551a",
                "sha256:3c9b12575734155d0c09d6c3e10dbd81665d5c18e1a7c6597df72fd05990c8cf",
                "sha256:3f6ea9bd35eb450837a3d80e77b517ea5bc56b4647f5502cd28de13675ee12f7",
                "sha256:4b58adb399c4d61d912c4c331984d60eb66565175cdf4a34792cd9600f21b394",
                "sha256:4d2e11331fc0c02b6e84b0d28ece3a36e0548ee1a1ce9ddde03752d9b79bba40",
                "sha256:5454276c07d27a740c5892f4907c86327b632127dd9abec42ee62e12427ff7e3",
                "sha256:561091a7be172ab497a3527602d467e2b3fbe75f9e783d8b8ce403fa414f71a6",
                "sha256:6c3acb79b0bfd4fe733dff8bc62695283b57949ebcca05ae5c129eb606ff2d74",
                "sha256:703f18f3fda276b9a916f0934d2fb6d989bf0b4fb5a64825260eb9bfd52d78f0",
                "sha256:7492e2b7bd7c9b9916388d9df23fa49d9b88ac0640db0a5b4ecc2b653bf451e3",
                "sha256:76ae285c8104046b3a7f06b42f29c7b73f77683df18c49ab5af7983994c2dd91",
                "sha256:7cafd1208fdbe93b67c7086876f061f660cfddc44f404279c1585bbf3cdc64c5",
                "sha256:7efde645ca1cc441d6dc4b48c0f7101e8d86b54c8530141b09fd31cef5149ec9",
                "sha256:88d9ab96491d38a5ab7c56dd7a3cc37d83336ecc564e4e8816dbed12e5aaefc8",
                "sha256:8eab883b3b2a38cc1e050819ef06a7e6344d4a990d24d45bc6f2cf959045a45b",
                "sha256:910841381caba4f744a44bf81bfd573c94e10b3045ee00de0cbf436fe50673a6",
                "sha256:9190f09060ea4debddd24665d6804b995a9c122ef5917ab26e1566dcc712ceeb",
                "sha256:937e9020b514ceedb9c830c55d5c9872abc90f4b5862f89c0887033ae33c6f73",
                "sha256:94c817e84245513926588caf1152e3b559ff794d505555211ca041f032abbb6b",
                "sha256:971ce5e14dc5e73715755d0ca2975ac88cfdaefcaab078a284fea6cfabf866df",
                "sha256:9d14b83fab60d5e8abe587d51c75b252bcc21683f24699ada8fb275d7712f5a9",
                "sha256:9f35ec95538f50292f6d8f2c9c9f8a3c6540bbfec21c9e5b4b751e0a7c20864f",
                "sha256:a1846f1b999e78e13837c93c778dcfc3365902cfb8d1bdb7dd73ead37059f0d0",
                "sha256:acd2162a36d3de67ee896c43effcd5ee3de247eb00354db411feb025aa319857",
                "sha256:b0ef99cdbe2b682b9ccbb964743a6aca37905fda5e0452e5ee239b1654d37f2a",
                "sha256:b80f600eddddce72320dbbc8e3784d16bd3fb7b517e82476d8da921f27d4b249",
                "sha256:b864ba53912b6c3ab6bcb2beb19f19edd01a6bfcbdfe1f37ddd1778abfe75a30",
                "sha256:b9ec052b06a0524f0e35bd8790686a1da006bd911dd1ef7d50b77bfbad74e292",
                "sha256:ba2956617f1c42598a308a84c6cf021a90ff3862eddafd20c3333d50f0edb45b",
                "sha256:bdfea8c661e80d3c1c99ad7c3ff74e6e87184895bbaca6ee8cc61209f8b9b85d",
                "sha256:be4ed120b52ae4d974aa40215fcdfde9194d63541c7ded40ee12eb4dda57b76b",
                "sha256:c4302695ad8027363e96311df24ee28978162cdcdd2006476c43970b384a244c",
                "sha256:c48f54ef8e05f04d6eff74b8233f6063cb1ed960243eacc474ee73a2ea8573ca",
                "sha256:c9c59a2120b55788e800d82dfa99b9e156ff8f2227f07c5e3012a45a399620b7",
                "sha256:cd021c754b162c0fb55ad5d6b9d960db667faad0fa2ff25bb6e1301b0b6e6a75",
                "sha256:d27ec7509b9c18b6d73f2f5ede2622441de812e7b1a80bbd446cb0633bd3d5ae",
                "sha256:d5508f0b173e6aa47273bdc0a0b5ba055b59662ba7c7ee5119528f466585526b",
                "sha256:d75209eed723105f9596807495d58d10b3470fa6732dd6756595e89925ce2470",
                "sha256:db1a39669102a1d8d12b57de2bb7e2ec9066a6f2b3da35ae511ff93b01b5d564",
                "sha256:dbfcfc0218093a19c252ca8eb9aee3d29cfdcb586df21049b9d777fd32c14fd9",
                "sha256:e0f72c9ddb8cd28532185f54cc1453f2c16fb417a08b53a855c4e6a418edd099",
                "sha256:e7c8dc13af7db097bed64a051d2dd49e9f0af495c26995c00a9ee842690d34c0",
                "sha256:ea9872c80c132f4663822dd2a08d404073a5a9b5ba6155bea72fb2a79d1093b5",
                "sha256:eff4eb9b7eb3e4d0cae3d28c283dc16d9bed6b193c2e1ace3ed86ce48ea8df19",
                "sha256:f82d4d717d8ef19188687aa32b8363e96062911e63ba22a0cff7802a8e58e5f1",
                "sha256:fc3a569657468b6f3fb60587e48356fe512c1754ca05a564f11366ac9e306526"
            ],
            "markers": "python_version >= '3' and platform_machine == 'aarch64' or (platform_machine == 'ppc64le' or (platform_machine == 'x86_64' or (platform_machine == 'amd64' or (platform_machine == 'AMD64' or (platform_machine == 'win32' or platform_machine == 'WIN32')))))",
            "version": "==2.0.2"
        },
        "ormar": {
            "hashes": [
                "sha256:41cbba3d3c52e2fb9a7a14d4d0270103f2a65738b60b42c49b69b24d4e23afd1",
                "sha256:49241150188e96a214f401882d53d2e7ff4fef87c5b6f2005c1fbfc5b0d8c2a9"
            ],
            "index": "pypi",
            "version": "==0.9.4"
        },
        "pydantic": {
            "hashes": [
                "sha256:6e313661b310eb5b2c45168ce05d8dd79f57563adaf3906162a917585576b846",
                "sha256:8bf7355be5e1207c756dfbc8046236dadd4ce04101fb482e6c8834a06d9aa04f"
            ],
            "markers": "python_version >= '3.7'",
            "version": "==2.0"
        },
        "pydantic-core": {
            "hashes": [
                "sha256:007cdcee7e1a40951768d0d250e566b603e25d0fa8b8302901e38560bc9badf9",
                "sha256:03d12c44decb122d5feede5408cc6c67e506b64016ce4b59c825d1a8c90f288a",
                "sha256:0872a1c52da4cfc494e23c83532c7fc1313de311a14334b7a58216a8dea828e0",
                "sha256:0b154abef540a76bb2b7a641b3ae1e05e5c4b08eb9ad6c27a217b3c64ffcda0b",
                "sha256:0c8877d9e0bd128f103a1b0f02899aa7d4be1104eef5dc35e2b633042b64a2d1",
                "sha256:0fcdb43190588f6219709b43ffa679e562c0d4a44a50aafb6cc88978da4a84b7",
                "sha256:10736490eacc426d681ae6f00f1d8ce01fc77c45086a597e829c3eed127179b1",
                "sha256:1672c8c36414c56adf704753b2d7e22e7528d7bd21cd357f24edeff76d4fd4ca",
                "sha256:16977790d69bac6034baa2349326db2ff465ad346c53b8d54c3674e05b070af2",
                "sha256:176eb3ec03da4c36da7708d2398139e13d1130b3b3d1af4334a959f46278baa9",
                "sha256:182a0e5ce9382a0a77aab8407ead303b6e310c673a46b18937fa1a90c22ccbc4",
                "sha256:1bb6d1057c054056614aefeced05299d3590acf76768538b34ebec9cbbf26953",
                "sha256:1c318bd2bdaa88ec078dc7932e108a9c43caeabc84d2cf545081fb6a99ed1b90",
                "sha256:1c855ef11370eacff25556658fb7fa243e8c0bd4235fa20a0f473bded2ede252",
                "sha256:3a85fde791e6567f879b50b59f1740afc55333060d93548d6bbb46bf1b6a1b49",
                "sha256:4372e8fcb458aad1e155c04e663ff1840f36b859fb1422578372712a78866051",
                "sha256:44c8cec1d74d74c29da59c86e8cd472851c85b44d75128096ef3751c5c87c204",
                "sha256:46bb28295082a22f3c7f5fa5546d669aed7eb43151ec0032e8c352c59f5e36af",
                "sha256:4eda2b350b02293c7060f2371ad3ce7b00342bd61c8654d2ba374bd10c6b6b66",
                "sha256:5e4a918eeae2c566fdcad9ee89d8708a59dc5ec3d5083b61a886b19f82f69f5c",
                "sha256:5e90b99b6aa9fd6eee6d6f86921d38252c6e55c319dc6c5e411922d0dc173825",
                "sha256:5f3158cb4cda580f3b063b03257c7f5c2d9e66f9c2a93466c76056f7c4d5a3b7",
                "sha256:6387c2956baf16891e7bc20d864a769c0f9f61799d4895c8f493e2de8f7b88aa",
                "sha256:659f22427d653769d1b4c672fd2daf53e639a5a93b0dd6fc0b37ef822a6e77d7",
                "sha256:6cf3e484bc8e8c8a568d572a6619696d7e2e2aef214b0be503f0814f8bafca9f",
                "sha256:7176ffa02c45d557cceb75f1290a2ddf53da680c6878aae54e69aafb21c52efd",
                "sha256:71cf43912edeae476f47d16520e48bddbf9af0ebdd98961c38ca8944f4f22b9d",
                "sha256:722aa193ba1f587226991a789a3f098235b5f04e85cf815af9e8ad823a5a85e1",
                "sha256:73c464afa0a959472045f242ef7cdaf6a38b76a6d7dfa1ef270de0967c04408d",
                "sha256:76d5d18ef9065ecbf62d6ec82c45ddbb47174a7400eb780040a7ebdad1c0ead8",
                "sha256:7727a4fcb93572d4e521b028f1c64f1eda2da49d506b1a6208576faa9e0acd64",
                "sha256:79225132aa1fe97a5e947da820b323d63372fb3475d94ff81ca6f91669717a01",
                "sha256:7a4fc3e8c788798739f4aa6772d994e4453a17dadb1b8eea4582a31cdfe683d2",
                "sha256:7bd78c4f04794a8e527d32c8ec1a26682b35b5c9347bb6e3cc853ba1a43c72a5",
                "sha256:88b56a4e7480f4f22fa2faefdb0a887d70420d9cd8cb160677e8abe46769e7b0",
                "sha256:88fc72e60d818924cb3d32948b682bcea0dadd0fd2efae9a4d0b7a55e310908a",
                "sha256:89123ab11a23fa9c332655933350dc231945ca6b1148c1e1960aad0a5a6de1c0",
                "sha256:8927c166f20e3933cc9a9a68701acc8de22ee54b70d8c4044ad461b043b3cf9b",
                "sha256:8945ba48644b45d4e66cc3e56b896e97fb1d7f166dd0ee1eb137bbfdf1285483",
                "sha256:8ca5a743af642700fc69dc64e0b964dd7499dcabb399e5cc2223fbc9cb33965d",
                "sha256:8daded5c64811da4bdc7d6792afa10328bff5c3514536f69457596d4a2646b49",
                "sha256:92b01e166a3b69e8054308709acabec1bae65dae83ba6329f4fcc8448e170a06",
                "sha256:958964a0ad0cea700b25037b21f5a2da38d19bddaa2f15ce36f51c048a9efe92",
                "sha256:9cf1ba93657cad863d23ecb09227665c0abe26c131acd24abb5edc6249a36a70",
                "sha256:9ee1c2d0cf5c92faf722ff366814859c764c82b30af7f91b9b1950e15efecb9e",
                "sha256:a1dd1b182fde9f95f1cc28964612fb1b180fdd3ca2cac881c108db29906b2e01",
                "sha256:a7d0de538719feda5cabf19c63cc17345df6a0ab579b95518925d2b25276daaf",
                "sha256:aad8b177370002f73f08eafefa3d969d9c4498da6d67d8a43ffdeb4b4e560e1c",
                "sha256:ab7eafb33fdc7aa8667634be58a3d1c8ed3fa8923c6bc5014657bf95b51b4a46",
                "sha256:ac6a57d01c0b67563dd273f2b71e9aab643573b569a202bfff7dad502b0b8ee0",
                "sha256:adbfc6c7ddd1cca6efe62a0292cae7cf2d05c9ebb139d0da10b0d44346e253c7",
                "sha256:adc2efaf0c45135214dff4d18d4aaf2b692249cb369f921fe0fde3a13cf7ddad",
                "sha256:ae53240f9f92f634b73a3e5ee87b9ec8ac38d5bee96ea65034af58f48d489a65",
                "sha256:b23ae8b27b6eff72909a9a88123ac28b746d95f25927ce67d3b0f3dabe099a0a",
                "sha256:b56f3758b82f26414a4dccd76f05c768df7bd2735e0ac43f3dfff2f5603d32a9",
                "sha256:b83e11a68936f80ee92ef1001bf6b9fedf0602396acc417b16a9c136a9b3b7bd",
                "sha256:bb2daa4e3d4efbf2e2dedc1a7cea3e48ff12d0c95ab2011e7f731bdc97d16ed0",
                "sha256:bc99af5be239961d718bbf8e4d6bd1caa6de556e44ed08eb5135cfbefc958728",
                "sha256:c04aa22ded4baf29c3c1ec3b76d5264dd91794b974a737251fdd0827abcc2c78",
                "sha256:c3f8fea22690c6c33c4d36d2236732da29da560f815cd9aba1d3b5ab59dcb214",
                "sha256:c5fef2dc7ed589ea83ac5ce526fcb8e8eb0ab79bfa67f958dafbda0a05ab3018",
                "sha256:c656b8d4603af6744ed2f2c0be499790f0913a2186ef7214c88d47d42051ae4b",
                "sha256:c8e53bae6e58a8ff8e93f9a77440cfe8fc017bb9a8430dc03beb6bdd648572d2",
                "sha256:cbbefd38ef80b37d056592c366a164a37b4e87b12f0aba23c35087d890fb31ba",
                "sha256:ccb06e1667a9784a96e0fc2500b989b8afbe9ac68a39a3c806c056ee228eff3c",
                "sha256:d6e21da7f7e3935b24bfd17d7c3eefe4c1edca380edaec854a8593796d8d96f1",
                "sha256:ddb23eaf427dbbde41b543d98a0c4a7aeb73bf649e3faa75b94a2fd882a669ba",
                "sha256:ddbad540cba15b5262bd800bb6f0746a4ac719de0fe0a2acab8e0d50eb54ba9a",
                "sha256:e0dd6bb98271519a309e96e927b52f8ca1323a99762bec87cda8fdaaa221e5cd",
                "sha256:e0edd3c6762b3ff3fdbd90517a09808e5d67cce86d7c43ec6f5ca3f65bfe7fd9",
                "sha256:e2e9025e132761e7ea8dab448923ccd8839c60199e863a6348d7e8b1a674edd1",
                "sha256:e4785a8c5440e410394f88e30c3db862ed05841595311ddc969b3fde377f95ea",
                "sha256:e4b4c836100e5f07189b0aea8b4afae326f169bfdef91e86fd90a0d3c27f0c75",
                "sha256:e55fc76ce657208c0d7e21e2e96925993dd4063d5c5ee9227dcdf4e550c02a29",
                "sha256:e76a9b0c2b2fb29a80764e106b1ea35c1b96a4e62e7ce7dde44f5df153fd5b66",
                "sha256:ef349e4ac794559c1538787a0fbce378a1beb991ef4f7707a6cde3156294259d",
                "sha256:f0f90928ed48b91d93add357fb1e81cef729bffaff3ab88882b76549434b4574",
                "sha256:f9452d470012ee86a00a36f7673843038fd1a88661a28c72e65e7f3f084da8d8",
                "sha256:f9fffcb5507bff84a1312d1616406cad157806f105d78bd184d1e6b3b00e6417",
                "sha256:fa5a3d49ddbeaa80bb2a8927b90e9cdd43373616ba0b7b7a74a3ae33b5c9640c",
                "sha256:ff015389ae4ca6869a2fdd16c21ee1ce7c134503f2148efd46db643ce27ca520"
            ],
            "markers": "python_version >= '3.7'",
            "version": "==2.0.1"
        },
        "sqlalchemy": {
            "hashes": [
                "sha256:005e942b451cad5285015481ae4e557ff4154dde327840ba91b9ac379be3b6ce",
                "sha256:066c2b0413e8cb980e6d46bf9d35ca83be81c20af688fedaef01450b06e4aa5e",
                "sha256:0817c181271b0ce5df1aa20949f0a9e2426830fed5ecdcc8db449618f12c2730",
                "sha256:11c6b1de720f816c22d6ad3bbfa2f026f89c7b78a5c4ffafb220e0183956a92a",
                "sha256:1fd8b5ee5a3acc4371f820934b36f8109ce604ee73cc668c724abb054cebcb6e",
                "sha256:25887b4f716e085a1c5162f130b852f84e18d2633942c8ca40dfb8519367c14f",
                "sha256:2b562e9d1e59be7833edf28b0968f156683d57cabd2137d8121806f38a9d58f4",
                "sha256:2b9af65cc58726129d8414fc1a1a650dcdd594ba12e9c97909f1f57d48e393d3",
                "sha256:2ee26276f12614d47cc07bc85490a70f559cba965fb178b1c45d46ffa8d73fda",
                "sha256:2fc2ab4d9f6d9218a5caa4121bdcf1125303482a1cdcfcdbd8567be8518969c0",
                "sha256:3509159e050bd6d24189ec7af373359f07aed690db91909c131e5068176c5a5d",
                "sha256:4355e5915844afdc5cf22ec29fba1010166e35dd94a21305f49020022167556b",
                "sha256:44d29a3fc6d9c45962476b470a81983dd8add6ad26fdbfae6d463b509d5adcda",
                "sha256:49c312bcff4728bffc6fb5e5318b8020ed5c8b958a06800f91859fe9633ca20e",
                "sha256:4bac3aa3c3d8bc7408097e6fe8bf983caa6e9491c5d2e2488cfcfd8106f13b6a",
                "sha256:5381ddd09a99638f429f4cbe1b71b025bed318f6a7b23e11d65f3eed5e181c33",
                "sha256:627e04a5d54bd50628fc8734d5fc6df2a1aa5962f219c44aad50b00a6cdcf965",
                "sha256:68413aead943883b341b2b77acd7a7fe2377c34d82e64d1840860247cec7ff7c",
                "sha256:6dab89874e72a9ab5462997846d4c760cdb957958be27b03b49cf0de5e5c327c",
                "sha256:6f82d8efea1ca92b24f51d3aea1a82897ed2409868a0af04247c8c1e4fef5890",
                "sha256:7ad2b0f6520ed5038e795cc2852eb5c1f20fa6831d73301ced4aafbe3a10e1f6",
                "sha256:87609f6d4e81a941a17e61a4c19fee57f795e96f834c4f0a30cee725fc3f81d9",
                "sha256:92e6133cf337c42bfee03ca08c62ba0f2d9695618c8abc14a564f47503157be9",
                "sha256:9af1db7a287ef86e0f5cd990b38da6bd9328de739d17e8864f1817710da2d217",
                "sha256:9c8cfe951ed074ba5e708ed29c45397a95c4143255b0d022c7c8331a75ae61f3",
                "sha256:9d9b55252d2ca42a09bcd10a697fa041e696def9dfab0b78c0aaea1485551a08",
                "sha256:a1fc046756cf2a37d7277c93278566ddf8be135c6a58397b4c940abf837011f4",
                "sha256:b47bc287096d989a0838ce96f7d8e966914a24da877ed41a7531d44b55cdb8df",
                "sha256:c99bf13e07140601d111a7c6f1fc1519914dd4e5228315bbda255e08412f61a4",
                "sha256:cbbe8b8bffb199b225d2fe3804421b7b43a0d49983f81dc654d0431d2f855543",
                "sha256:ce7915eecc9c14a93b73f4e1c9d779ca43e955b43ddf1e21df154184f39748e5",
                "sha256:cef2e2abc06eab187a533ec3e1067a71d7bbec69e582401afdf6d8cad4ba3515",
                "sha256:d53cd8bc582da5c1c8c86b6acc4ef42e20985c57d0ebc906445989df566c5603",
                "sha256:dbcae0e528d755f4522cad5842f0942e54b578d79f21a692c44d91352ea6d64e",
                "sha256:e1ddbbcef9bcedaa370c03771ebec7e39e3944782bef49e69430383c376a250b",
                "sha256:e3e98d4907805b07743b583a99ecc58bf8807ecb6985576d82d5e8ae103b5272",
                "sha256:eb5464ee8d4bb6549d368b578e9529d3c43265007193597ddca71c1bae6174e6",
                "sha256:eee09350fd538e29cfe3a496ec6f148504d2da40dbf52adefb0d2f8e4d38ccc4",
                "sha256:fb0808ad34167f394fea21bd4587fc62f3bd81bba232a1e7fbdfa17e6cfa7cd7",
                "sha256:fbde5642104ac6e95f96e8ad6d18d9382aa20672008cf26068fe36f3004491df",
                "sha256:fe1dd2562313dd9fe1778ed56739ad5d9aae10f9f43d9f4cf81d65b0c85168bb"
            ],
            "markers": "python_version >= '2.7' and python_version not in '3.0, 3.1, 3.2, 3.3, 3.4, 3.5'",
            "version": "==1.4.48"
        },
        "typing-extensions": {
            "hashes": [
                "sha256:440d5dd3af93b060174bf433bccd69b0babc3b15b1a8dca43789fd7f61514b36",
                "sha256:b75ddc264f0ba5615db7ba217daeb99701ad295353c45f9e95963337ceeeffb2"
            ],
            "markers": "python_version >= '3.7'",
            "version": "==4.7.1"
        }
    },
    "develop": {}
}
